
Microsoft Visual Studio Solution File, Format Version 12.00
# Visual Studio Version 16
VisualStudioVersion = 16.0.31702.278
MinimumVisualStudioVersion = 10.0.40219.1
Project("{8BC9CEB8-8B4A-11D0-8D11-00A0C91BC942}") = "代码统计", "代码统计.vcxproj", "{35C25596-2645-462D-B251-955349EDBC6B}"
EndProject
Global
	GlobalSection(SolutionConfigurationPlatforms) = preSolution
		Debug|x64 = Debug|x64
		Debug|x86 = Debug|x86
		Release|x64 = Release|x64
		Release|x86 = Release|x86
	EndGlobalSection
	GlobalSection(ProjectConfigurationPlatforms) = postSolution
		{35C25596-2645-462D-B251-955349EDBC6B}.Debug|x64.ActiveCfg = Debug|x64
		{35C25596-2645-462D-B251-955349EDBC6B}.Debug|x64.Build.0 = Debug|x64
		{35C25596-2645-462D-B251-955349EDBC6B}.Debug|x86.ActiveCfg = Debug|Win32
		{35C25596-2645-462D-B251-955349EDBC6B}.Debug|x86.Build.0 = Debug|Win32
		{35C25596-2645-462D-B251-955349EDBC6B}.Release|x64.ActiveCfg = Release|x64
		{35C25596-2645-462D-B251-955349EDBC6B}.Release|x64.Build.0 = Release|x64
		{35C25596-2645-462D-B251-955349EDBC6B}.Release|x86.ActiveCfg = Release|Win32
		{35C25596-2645-462D-B251-955349EDBC6B}.Release|x86.Build.0 = Release|Win32
	EndGlobalSection
	GlobalSection(SolutionProperties) = preSolution
		HideSolutionNode = FALSE
	EndGlobalSection
	GlobalSection(ExtensibilityGlobals) = postSolution
		SolutionGuid = {E7742D8D-D094-44DF-A35B-3AE55B42B5B2}
	EndGlobalSection
EndGlobal
